
Microsoft Visual Studio Solution File, Format Version 12.00
# Visual Studio Version 16
VisualStudioVersion = 16.0.32106.194
MinimumVisualStudioVersion = 10.0.40219.1
Project("{FAE04EC0-301F-11D3-BF4B-00C04F79EFBC}") = "EFDbFirstExample", "EFDbFirstExample.csproj", "{A5F630E1-CEDD-455D-9A9E-7C45BDA082F2}"
EndProject
Global
	GlobalSection(SolutionConfigurationPlatforms) = preSolution
		Debug|Any CPU = Debug|Any CPU
		Release|Any CPU = Release|Any CPU
	EndGlobalSection
	GlobalSection(ProjectConfigurationPlatforms) = postSolution
		{A5F630E1-CEDD-455D-9A9E-7C45BDA082F2}.Debug|Any CPU.ActiveCfg = Debug|Any CPU
		{A5F630E1-CEDD-455D-9A9E-7C45BDA082F2}.Debug|Any CPU.Build.0 = Debug|Any CPU
		{A5F630E1-CEDD-455D-9A9E-7C45BDA082F2}.Release|Any CPU.ActiveCfg = Release|Any CPU
		{A5F630E1-CEDD-455D-9A9E-7C45BDA082F2}.Release|Any CPU.Build.0 = Release|Any CPU
	EndGlobalSection
	GlobalSection(SolutionProperties) = preSolution
		HideSolutionNode = FALSE
	EndGlobalSection
	GlobalSection(ExtensibilityGlobals) = postSolution
		SolutionGuid = {DE0F3E10-4EDA-4A12-B1D7-4D856378F9C7}
	EndGlobalSection
EndGlobal
