
Microsoft Visual Studio Solution File, Format Version 12.00
# Visual Studio Version 16
VisualStudioVersion = 16.0.32106.194
MinimumVisualStudioVersion = 10.0.40219.1
Project("{FAE04EC0-301F-11D3-BF4B-00C04F79EFBC}") = "StateManagement", "StateManagement.csproj", "{9DB9240E-2844-4453-A5ED-496951389403}"
EndProject
Global
	GlobalSection(SolutionConfigurationPlatforms) = preSolution
		Debug|Any CPU = Debug|Any CPU
		Release|Any CPU = Release|Any CPU
	EndGlobalSection
	GlobalSection(ProjectConfigurationPlatforms) = postSolution
		{9DB9240E-2844-4453-A5ED-496951389403}.Debug|Any CPU.ActiveCfg = Debug|Any CPU
		{9DB9240E-2844-4453-A5ED-496951389403}.Debug|Any CPU.Build.0 = Debug|Any CPU
		{9DB9240E-2844-4453-A5ED-496951389403}.Release|Any CPU.ActiveCfg = Release|Any CPU
		{9DB9240E-2844-4453-A5ED-496951389403}.Release|Any CPU.Build.0 = Release|Any CPU
	EndGlobalSection
	GlobalSection(SolutionProperties) = preSolution
		HideSolutionNode = FALSE
	EndGlobalSection
	GlobalSection(ExtensibilityGlobals) = postSolution
		SolutionGuid = {8277F8A0-56C0-4EB4-A69A-08E78946BE35}
	EndGlobalSection
EndGlobal
