
Microsoft Visual Studio Solution File, Format Version 12.00
# Visual Studio Version 16
VisualStudioVersion = 16.0.32630.194
MinimumVisualStudioVersion = 10.0.40219.1
Project("{FAE04EC0-301F-11D3-BF4B-00C04F79EFBC}") = "HTMLHelpersExample", "HTMLHelpersExample.csproj", "{CC545ED6-97DF-4BE0-BD99-768CC1F5AA2E}"
EndProject
Global
	GlobalSection(SolutionConfigurationPlatforms) = preSolution
		Debug|Any CPU = Debug|Any CPU
		Release|Any CPU = Release|Any CPU
	EndGlobalSection
	GlobalSection(ProjectConfigurationPlatforms) = postSolution
		{CC545ED6-97DF-4BE0-BD99-768CC1F5AA2E}.Debug|Any CPU.ActiveCfg = Debug|Any CPU
		{CC545ED6-97DF-4BE0-BD99-768CC1F5AA2E}.Debug|Any CPU.Build.0 = Debug|Any CPU
		{CC545ED6-97DF-4BE0-BD99-768CC1F5AA2E}.Release|Any CPU.ActiveCfg = Release|Any CPU
		{CC545ED6-97DF-4BE0-BD99-768CC1F5AA2E}.Release|Any CPU.Build.0 = Release|Any CPU
	EndGlobalSection
	GlobalSection(SolutionProperties) = preSolution
		HideSolutionNode = FALSE
	EndGlobalSection
	GlobalSection(ExtensibilityGlobals) = postSolution
		SolutionGuid = {1D6AE365-925F-4EB7-94DC-9AC5DF1B6BD7}
	EndGlobalSection
EndGlobal
