
Microsoft Visual Studio Solution File, Format Version 12.00
# Visual Studio Version 16
VisualStudioVersion = 16.0.32630.194
MinimumVisualStudioVersion = 10.0.40219.1
Project("{FAE04EC0-301F-11D3-BF4B-00C04F79EFBC}") = "NewSplAssignment", "NewSplAssignment.csproj", "{055CD448-DAFD-4E96-8D9F-8A77E11FAD60}"
EndProject
Global
	GlobalSection(SolutionConfigurationPlatforms) = preSolution
		Debug|Any CPU = Debug|Any CPU
		Release|Any CPU = Release|Any CPU
	EndGlobalSection
	GlobalSection(ProjectConfigurationPlatforms) = postSolution
		{055CD448-DAFD-4E96-8D9F-8A77E11FAD60}.Debug|Any CPU.ActiveCfg = Debug|Any CPU
		{055CD448-DAFD-4E96-8D9F-8A77E11FAD60}.Debug|Any CPU.Build.0 = Debug|Any CPU
		{055CD448-DAFD-4E96-8D9F-8A77E11FAD60}.Release|Any CPU.ActiveCfg = Release|Any CPU
		{055CD448-DAFD-4E96-8D9F-8A77E11FAD60}.Release|Any CPU.Build.0 = Release|Any CPU
	EndGlobalSection
	GlobalSection(SolutionProperties) = preSolution
		HideSolutionNode = FALSE
	EndGlobalSection
	GlobalSection(ExtensibilityGlobals) = postSolution
		SolutionGuid = {F70D2A65-C01E-4FD7-84B7-EC5E5C8FC786}
	EndGlobalSection
EndGlobal
