
Microsoft Visual Studio Solution File, Format Version 12.00
# Visual Studio Version 16
VisualStudioVersion = 16.0.32106.194
MinimumVisualStudioVersion = 10.0.40219.1
Project("{FAE04EC0-301F-11D3-BF4B-00C04F79EFBC}") = "ThreadingExamples", "ThreadingExamples\ThreadingExamples.csproj", "{6BFD9DD8-444D-49B4-8A8A-2E3C6291F10B}"
EndProject
Global
	GlobalSection(SolutionConfigurationPlatforms) = preSolution
		Debug|Any CPU = Debug|Any CPU
		Release|Any CPU = Release|Any CPU
	EndGlobalSection
	GlobalSection(ProjectConfigurationPlatforms) = postSolution
		{6BFD9DD8-444D-49B4-8A8A-2E3C6291F10B}.Debug|Any CPU.ActiveCfg = Debug|Any CPU
		{6BFD9DD8-444D-49B4-8A8A-2E3C6291F10B}.Debug|Any CPU.Build.0 = Debug|Any CPU
		{6BFD9DD8-444D-49B4-8A8A-2E3C6291F10B}.Release|Any CPU.ActiveCfg = Release|Any CPU
		{6BFD9DD8-444D-49B4-8A8A-2E3C6291F10B}.Release|Any CPU.Build.0 = Release|Any CPU
	EndGlobalSection
	GlobalSection(SolutionProperties) = preSolution
		HideSolutionNode = FALSE
	EndGlobalSection
	GlobalSection(ExtensibilityGlobals) = postSolution
		SolutionGuid = {8CE085B0-38F0-4DBA-85F3-91359577DCDB}
	EndGlobalSection
EndGlobal
