
Microsoft Visual Studio Solution File, Format Version 12.00
# Visual Studio Version 16
VisualStudioVersion = 16.0.32630.194
MinimumVisualStudioVersion = 10.0.40219.1
Project("{FAE04EC0-301F-11D3-BF4B-00C04F79EFBC}") = "ModelBinding", "ModelBinding.csproj", "{01DBF7E1-0E87-4C78-99A2-D0915EC5C12E}"
EndProject
Global
	GlobalSection(SolutionConfigurationPlatforms) = preSolution
		Debug|Any CPU = Debug|Any CPU
		Release|Any CPU = Release|Any CPU
	EndGlobalSection
	GlobalSection(ProjectConfigurationPlatforms) = postSolution
		{01DBF7E1-0E87-4C78-99A2-D0915EC5C12E}.Debug|Any CPU.ActiveCfg = Debug|Any CPU
		{01DBF7E1-0E87-4C78-99A2-D0915EC5C12E}.Debug|Any CPU.Build.0 = Debug|Any CPU
		{01DBF7E1-0E87-4C78-99A2-D0915EC5C12E}.Release|Any CPU.ActiveCfg = Release|Any CPU
		{01DBF7E1-0E87-4C78-99A2-D0915EC5C12E}.Release|Any CPU.Build.0 = Release|Any CPU
	EndGlobalSection
	GlobalSection(SolutionProperties) = preSolution
		HideSolutionNode = FALSE
	EndGlobalSection
	GlobalSection(ExtensibilityGlobals) = postSolution
		SolutionGuid = {F530B037-BEB2-43F1-AA3A-99F7537D1C51}
	EndGlobalSection
EndGlobal
