
Microsoft Visual Studio Solution File, Format Version 12.00
# Visual Studio Version 16
VisualStudioVersion = 16.0.32630.194
MinimumVisualStudioVersion = 10.0.40219.1
Project("{FAE04EC0-301F-11D3-BF4B-00C04F79EFBC}") = "ThreadingExamples", "ThreadingExamples\ThreadingExamples.csproj", "{0454F955-4B90-420A-8659-0787F7967B4D}"
EndProject
Global
	GlobalSection(SolutionConfigurationPlatforms) = preSolution
		Debug|Any CPU = Debug|Any CPU
		Release|Any CPU = Release|Any CPU
	EndGlobalSection
	GlobalSection(ProjectConfigurationPlatforms) = postSolution
		{0454F955-4B90-420A-8659-0787F7967B4D}.Debug|Any CPU.ActiveCfg = Debug|Any CPU
		{0454F955-4B90-420A-8659-0787F7967B4D}.Debug|Any CPU.Build.0 = Debug|Any CPU
		{0454F955-4B90-420A-8659-0787F7967B4D}.Release|Any CPU.ActiveCfg = Release|Any CPU
		{0454F955-4B90-420A-8659-0787F7967B4D}.Release|Any CPU.Build.0 = Release|Any CPU
	EndGlobalSection
	GlobalSection(SolutionProperties) = preSolution
		HideSolutionNode = FALSE
	EndGlobalSection
	GlobalSection(ExtensibilityGlobals) = postSolution
		SolutionGuid = {EBE482ED-25D2-4052-81B5-F67DA0EDCE59}
	EndGlobalSection
EndGlobal
