
Microsoft Visual Studio Solution File, Format Version 12.00
# Visual Studio Version 16
VisualStudioVersion = 16.0.32106.194
MinimumVisualStudioVersion = 10.0.40219.1
Project("{FAE04EC0-301F-11D3-BF4B-00C04F79EFBC}") = "PartialView", "PartialView.csproj", "{CC77CBDD-E508-4EB9-B6B3-40E8C84838B7}"
EndProject
Global
	GlobalSection(SolutionConfigurationPlatforms) = preSolution
		Debug|Any CPU = Debug|Any CPU
		Release|Any CPU = Release|Any CPU
	EndGlobalSection
	GlobalSection(ProjectConfigurationPlatforms) = postSolution
		{CC77CBDD-E508-4EB9-B6B3-40E8C84838B7}.Debug|Any CPU.ActiveCfg = Debug|Any CPU
		{CC77CBDD-E508-4EB9-B6B3-40E8C84838B7}.Debug|Any CPU.Build.0 = Debug|Any CPU
		{CC77CBDD-E508-4EB9-B6B3-40E8C84838B7}.Release|Any CPU.ActiveCfg = Release|Any CPU
		{CC77CBDD-E508-4EB9-B6B3-40E8C84838B7}.Release|Any CPU.Build.0 = Release|Any CPU
	EndGlobalSection
	GlobalSection(SolutionProperties) = preSolution
		HideSolutionNode = FALSE
	EndGlobalSection
	GlobalSection(ExtensibilityGlobals) = postSolution
		SolutionGuid = {1038B9C1-D09A-4A9D-937E-72B0F67A5AA6}
	EndGlobalSection
EndGlobal
