
Microsoft Visual Studio Solution File, Format Version 12.00
# Visual Studio Version 16
VisualStudioVersion = 16.0.32630.194
MinimumVisualStudioVersion = 10.0.40219.1
Project("{FAE04EC0-301F-11D3-BF4B-00C04F79EFBC}") = "ClientForSharedAssembly", "ClientForSharedAssembly.csproj", "{72F581CD-2523-4568-B9F3-64C55FAFD135}"
EndProject
Global
	GlobalSection(SolutionConfigurationPlatforms) = preSolution
		Debug|Any CPU = Debug|Any CPU
		Release|Any CPU = Release|Any CPU
	EndGlobalSection
	GlobalSection(ProjectConfigurationPlatforms) = postSolution
		{72F581CD-2523-4568-B9F3-64C55FAFD135}.Debug|Any CPU.ActiveCfg = Debug|Any CPU
		{72F581CD-2523-4568-B9F3-64C55FAFD135}.Debug|Any CPU.Build.0 = Debug|Any CPU
		{72F581CD-2523-4568-B9F3-64C55FAFD135}.Release|Any CPU.ActiveCfg = Release|Any CPU
		{72F581CD-2523-4568-B9F3-64C55FAFD135}.Release|Any CPU.Build.0 = Release|Any CPU
	EndGlobalSection
	GlobalSection(SolutionProperties) = preSolution
		HideSolutionNode = FALSE
	EndGlobalSection
	GlobalSection(ExtensibilityGlobals) = postSolution
		SolutionGuid = {6912BCAB-FC6C-4598-9208-6543E8A5D757}
	EndGlobalSection
EndGlobal
