
Microsoft Visual Studio Solution File, Format Version 12.00
# Visual Studio Version 16
VisualStudioVersion = 16.0.32630.194
MinimumVisualStudioVersion = 10.0.40219.1
Project("{FAE04EC0-301F-11D3-BF4B-00C04F79EFBC}") = "EFCodeFirstExample", "EFCodeFirstExample.csproj", "{1060CDCE-006E-4423-B000-09BA8E048A09}"
EndProject
Global
	GlobalSection(SolutionConfigurationPlatforms) = preSolution
		Debug|Any CPU = Debug|Any CPU
		Release|Any CPU = Release|Any CPU
	EndGlobalSection
	GlobalSection(ProjectConfigurationPlatforms) = postSolution
		{1060CDCE-006E-4423-B000-09BA8E048A09}.Debug|Any CPU.ActiveCfg = Debug|Any CPU
		{1060CDCE-006E-4423-B000-09BA8E048A09}.Debug|Any CPU.Build.0 = Debug|Any CPU
		{1060CDCE-006E-4423-B000-09BA8E048A09}.Release|Any CPU.ActiveCfg = Release|Any CPU
		{1060CDCE-006E-4423-B000-09BA8E048A09}.Release|Any CPU.Build.0 = Release|Any CPU
	EndGlobalSection
	GlobalSection(SolutionProperties) = preSolution
		HideSolutionNode = FALSE
	EndGlobalSection
	GlobalSection(ExtensibilityGlobals) = postSolution
		SolutionGuid = {C9548E42-242F-436B-BAC2-2FCC841A2AC3}
	EndGlobalSection
EndGlobal
