
Microsoft Visual Studio Solution File, Format Version 12.00
# Visual Studio Version 16
VisualStudioVersion = 16.0.32630.194
MinimumVisualStudioVersion = 10.0.40219.1
Project("{FAE04EC0-301F-11D3-BF4B-00C04F79EFBC}") = "Inheritance_Example", "Inheritance_Example\Inheritance_Example.csproj", "{7532005D-CC91-4283-8666-0A38F22E0030}"
EndProject
Project("{FAE04EC0-301F-11D3-BF4B-00C04F79EFBC}") = "Interfaces", "Interfaces\Interfaces.csproj", "{EA357076-F039-4F6E-8324-82EC048E08D4}"
EndProject
Project("{FAE04EC0-301F-11D3-BF4B-00C04F79EFBC}") = "Assignment", "Assignment\Assignment.csproj", "{F16A36F0-438D-43C9-ADD7-DD32E21FB0F2}"
EndProject
Global
	GlobalSection(SolutionConfigurationPlatforms) = preSolution
		Debug|Any CPU = Debug|Any CPU
		Release|Any CPU = Release|Any CPU
	EndGlobalSection
	GlobalSection(ProjectConfigurationPlatforms) = postSolution
		{7532005D-CC91-4283-8666-0A38F22E0030}.Debug|Any CPU.ActiveCfg = Debug|Any CPU
		{7532005D-CC91-4283-8666-0A38F22E0030}.Debug|Any CPU.Build.0 = Debug|Any CPU
		{7532005D-CC91-4283-8666-0A38F22E0030}.Release|Any CPU.ActiveCfg = Release|Any CPU
		{7532005D-CC91-4283-8666-0A38F22E0030}.Release|Any CPU.Build.0 = Release|Any CPU
		{EA357076-F039-4F6E-8324-82EC048E08D4}.Debug|Any CPU.ActiveCfg = Debug|Any CPU
		{EA357076-F039-4F6E-8324-82EC048E08D4}.Debug|Any CPU.Build.0 = Debug|Any CPU
		{EA357076-F039-4F6E-8324-82EC048E08D4}.Release|Any CPU.ActiveCfg = Release|Any CPU
		{EA357076-F039-4F6E-8324-82EC048E08D4}.Release|Any CPU.Build.0 = Release|Any CPU
		{F16A36F0-438D-43C9-ADD7-DD32E21FB0F2}.Debug|Any CPU.ActiveCfg = Debug|Any CPU
		{F16A36F0-438D-43C9-ADD7-DD32E21FB0F2}.Debug|Any CPU.Build.0 = Debug|Any CPU
		{F16A36F0-438D-43C9-ADD7-DD32E21FB0F2}.Release|Any CPU.ActiveCfg = Release|Any CPU
		{F16A36F0-438D-43C9-ADD7-DD32E21FB0F2}.Release|Any CPU.Build.0 = Release|Any CPU
	EndGlobalSection
	GlobalSection(SolutionProperties) = preSolution
		HideSolutionNode = FALSE
	EndGlobalSection
	GlobalSection(ExtensibilityGlobals) = postSolution
		SolutionGuid = {798C3464-11E0-41EF-AA33-60339185486A}
	EndGlobalSection
EndGlobal
