
Microsoft Visual Studio Solution File, Format Version 12.00
# Visual Studio Version 16
VisualStudioVersion = 16.0.32106.194
MinimumVisualStudioVersion = 10.0.40219.1
Project("{FAE04EC0-301F-11D3-BF4B-00C04F79EFBC}") = "LanguageFeatures", "LanguageFeatures\LanguageFeatures.csproj", "{B7BF91C8-0A79-41AF-8ED4-780DF3051025}"
EndProject
Project("{FAE04EC0-301F-11D3-BF4B-00C04F79EFBC}") = "WindowsFormsApp1", "WindowsFormsApp1\WindowsFormsApp1.csproj", "{43E0F0BA-1D50-48E6-95E5-B8533CC177DB}"
EndProject
Project("{FAE04EC0-301F-11D3-BF4B-00C04F79EFBC}") = "LINQExamples", "LINQExamples\LINQExamples.csproj", "{7BA8A417-3DD4-41FD-82EA-8A3BE44065C1}"
EndProject
Global
	GlobalSection(SolutionConfigurationPlatforms) = preSolution
		Debug|Any CPU = Debug|Any CPU
		Release|Any CPU = Release|Any CPU
	EndGlobalSection
	GlobalSection(ProjectConfigurationPlatforms) = postSolution
		{B7BF91C8-0A79-41AF-8ED4-780DF3051025}.Debug|Any CPU.ActiveCfg = Debug|Any CPU
		{B7BF91C8-0A79-41AF-8ED4-780DF3051025}.Debug|Any CPU.Build.0 = Debug|Any CPU
		{B7BF91C8-0A79-41AF-8ED4-780DF3051025}.Release|Any CPU.ActiveCfg = Release|Any CPU
		{B7BF91C8-0A79-41AF-8ED4-780DF3051025}.Release|Any CPU.Build.0 = Release|Any CPU
		{43E0F0BA-1D50-48E6-95E5-B8533CC177DB}.Debug|Any CPU.ActiveCfg = Debug|Any CPU
		{43E0F0BA-1D50-48E6-95E5-B8533CC177DB}.Debug|Any CPU.Build.0 = Debug|Any CPU
		{43E0F0BA-1D50-48E6-95E5-B8533CC177DB}.Release|Any CPU.ActiveCfg = Release|Any CPU
		{43E0F0BA-1D50-48E6-95E5-B8533CC177DB}.Release|Any CPU.Build.0 = Release|Any CPU
		{7BA8A417-3DD4-41FD-82EA-8A3BE44065C1}.Debug|Any CPU.ActiveCfg = Debug|Any CPU
		{7BA8A417-3DD4-41FD-82EA-8A3BE44065C1}.Debug|Any CPU.Build.0 = Debug|Any CPU
		{7BA8A417-3DD4-41FD-82EA-8A3BE44065C1}.Release|Any CPU.ActiveCfg = Release|Any CPU
		{7BA8A417-3DD4-41FD-82EA-8A3BE44065C1}.Release|Any CPU.Build.0 = Release|Any CPU
	EndGlobalSection
	GlobalSection(SolutionProperties) = preSolution
		HideSolutionNode = FALSE
	EndGlobalSection
	GlobalSection(ExtensibilityGlobals) = postSolution
		SolutionGuid = {CE216E23-90CA-4BE9-96E0-6CABB6A58C82}
	EndGlobalSection
EndGlobal
